
Microsoft Visual Studio Solution File, Format Version 12.00
# Visual Studio 15
Project("{FAE04EC0-301F-11D3-BF4B-00C04F79EFBC}") = "GoogleMaps.Android", "GoogleMaps.Android\GoogleMaps.Android.csproj", "{2F1219DC-F9BC-4F51-86C2-B1D6BDF9ACB0}"
EndProject
Project("{FAE04EC0-301F-11D3-BF4B-00C04F79EFBC}") = "GoogleMaps.iOS", "GoogleMaps.iOS\GoogleMaps.iOS.csproj", "{412EA539-8937-47C4-9BB3-94B25A7DF618}"
EndProject
Project("{D954291E-2A0B-460D-934E-DC6B0785DB48}") = "GoogleMaps", "GoogleMaps\GoogleMaps.shproj", "{1F6B5778-93A9-437D-A8AD-121F67AA1E4D}"
EndProject
Global
	GlobalSection(SolutionConfigurationPlatforms) = preSolution
		Debug|Any CPU = Debug|Any CPU
		Release|Any CPU = Release|Any CPU
		Debug|iPhoneSimulator = Debug|iPhoneSimulator
		Release|iPhoneSimulator = Release|iPhoneSimulator
		Debug|iPhone = Debug|iPhone
		Release|iPhone = Release|iPhone
	EndGlobalSection
	GlobalSection(ProjectConfigurationPlatforms) = postSolution
		{2F1219DC-F9BC-4F51-86C2-B1D6BDF9ACB0}.Debug|Any CPU.ActiveCfg = Debug|Any CPU
		{2F1219DC-F9BC-4F51-86C2-B1D6BDF9ACB0}.Debug|Any CPU.Build.0 = Debug|Any CPU
		{2F1219DC-F9BC-4F51-86C2-B1D6BDF9ACB0}.Release|Any CPU.ActiveCfg = Release|Any CPU
		{2F1219DC-F9BC-4F51-86C2-B1D6BDF9ACB0}.Release|Any CPU.Build.0 = Release|Any CPU
		{2F1219DC-F9BC-4F51-86C2-B1D6BDF9ACB0}.Debug|iPhoneSimulator.ActiveCfg = Debug|Any CPU
		{2F1219DC-F9BC-4F51-86C2-B1D6BDF9ACB0}.Debug|iPhoneSimulator.Build.0 = Debug|Any CPU
		{2F1219DC-F9BC-4F51-86C2-B1D6BDF9ACB0}.Release|iPhoneSimulator.ActiveCfg = Release|Any CPU
		{2F1219DC-F9BC-4F51-86C2-B1D6BDF9ACB0}.Release|iPhoneSimulator.Build.0 = Release|Any CPU
		{2F1219DC-F9BC-4F51-86C2-B1D6BDF9ACB0}.Debug|iPhone.ActiveCfg = Debug|Any CPU
		{2F1219DC-F9BC-4F51-86C2-B1D6BDF9ACB0}.Debug|iPhone.Build.0 = Debug|Any CPU
		{2F1219DC-F9BC-4F51-86C2-B1D6BDF9ACB0}.Release|iPhone.ActiveCfg = Release|Any CPU
		{2F1219DC-F9BC-4F51-86C2-B1D6BDF9ACB0}.Release|iPhone.Build.0 = Release|Any CPU
		{412EA539-8937-47C4-9BB3-94B25A7DF618}.Debug|Any CPU.ActiveCfg = Debug|iPhoneSimulator
		{412EA539-8937-47C4-9BB3-94B25A7DF618}.Debug|Any CPU.Build.0 = Debug|iPhoneSimulator
		{412EA539-8937-47C4-9BB3-94B25A7DF618}.Release|Any CPU.ActiveCfg = Release|iPhoneSimulator
		{412EA539-8937-47C4-9BB3-94B25A7DF618}.Release|Any CPU.Build.0 = Release|iPhoneSimulator
		{412EA539-8937-47C4-9BB3-94B25A7DF618}.Debug|iPhoneSimulator.ActiveCfg = Debug|iPhoneSimulator
		{412EA539-8937-47C4-9BB3-94B25A7DF618}.Debug|iPhoneSimulator.Build.0 = Debug|iPhoneSimulator
		{412EA539-8937-47C4-9BB3-94B25A7DF618}.Release|iPhoneSimulator.ActiveCfg = Release|iPhoneSimulator
		{412EA539-8937-47C4-9BB3-94B25A7DF618}.Release|iPhoneSimulator.Build.0 = Release|iPhoneSimulator
		{412EA539-8937-47C4-9BB3-94B25A7DF618}.Debug|iPhone.ActiveCfg = Debug|iPhone
		{412EA539-8937-47C4-9BB3-94B25A7DF618}.Debug|iPhone.Build.0 = Debug|iPhone
		{412EA539-8937-47C4-9BB3-94B25A7DF618}.Release|iPhone.ActiveCfg = Release|iPhone
		{412EA539-8937-47C4-9BB3-94B25A7DF618}.Release|iPhone.Build.0 = Release|iPhone
	EndGlobalSection
EndGlobal
